// !$*UTF8*$!
{
	archiveVersion = 1;
	classes = {
	};
	objectVersion = 46;
	objects = {

/* Begin PBXBuildFile section */
		F0BA9E5F1C4A2F6C0016886F /* AppDelegate.swift in Sources */ = {isa = PBXBuildFile; fileRef = F0BA9E5E1C4A2F6C0016886F /* AppDelegate.swift */; };
		F0BA9E611C4A2F6C0016886F /* MainViewController.swift in Sources */ = {isa = PBXBuildFile; fileRef = F0BA9E601C4A2F6C0016886F /* MainViewController.swift */; };
		F0BA9E631C4A2F6C0016886F /* MainView.swift in Sources */ = {isa = PBXBuildFile; fileRef = F0BA9E621C4A2F6C0016886F /* MainView.swift */; };
		F0BA9E671C4A2F6C0016886F /* Info.plist in Resources */ = {isa = PBXBuildFile; fileRef = F0BA9E661C4A2F6C0016886F /* Info.plist */; };
		F0BA9E691C4A2F6C0016886F /* Assets.xcassets in Resources */ = {isa = PBXBuildFile; fileRef = F0BA9E681C4A2F6C0016886F /* Assets.xcassets */; };
		F0BA9E6C1C4A2F6C0016886F /* LaunchScreen.storyboard in Resources */ = {isa = PBXBuildFile; fileRef = F0BA9E6A1C4A2F6C0016886F /* LaunchScreen.storyboard */; };
		F0BA9E731C4A33BC0016886F /* APConstraints.swift in Sources */ = {isa = PBXBuildFile; fileRef = F0BA9E721C4A33BC0016886F /* APConstraints.swift */; };
		F0BA9E751C4A34590016886F /* APSpringButton.swift in Sources */ = {isa = PBXBuildFile; fileRef = F0BA9E741C4A34590016886F /* APSpringButton.swift */; };
		F0BA9E771C4A38360016886F /* APCustomBlurView.swift in Sources */ = {isa = PBXBuildFile; fileRef = F0BA9E761C4A38360016886F /* APCustomBlurView.swift */; };
/* End PBXBuildFile section */

/* Begin PBXFileReference section */
		F0BA9E5B1C4A2F6C0016886F /* Blur.app */ = {isa = PBXFileReference; explicitFileType = wrapper.application; includeInIndex = 0; path = Blur.app; sourceTree = BUILT_PRODUCTS_DIR; };
		F0BA9E5E1C4A2F6C0016886F /* AppDelegate.swift */ = {isa = PBXFileReference; lastKnownFileType = sourcecode.swift; path = AppDelegate.swift; sourceTree = "<group>"; };
		F0BA9E601C4A2F6C0016886F /* MainViewController.swift */ = {isa = PBXFileReference; lastKnownFileType = sourcecode.swift; path = MainViewController.swift; sourceTree = "<group>"; };
		F0BA9E621C4A2F6C0016886F /* MainView.swift */ = {isa = PBXFileReference; lastKnownFileType = sourcecode.swift; path = MainView.swift; sourceTree = "<group>"; };
		F0BA9E661C4A2F6C0016886F /* Info.plist */ = {isa = PBXFileReference; lastKnownFileType = text.plist.xml; path = Info.plist; sourceTree = "<group>"; };
		F0BA9E681C4A2F6C0016886F /* Assets.xcassets */ = {isa = PBXFileReference; lastKnownFileType = folder.assetcatalog; path = Assets.xcassets; sourceTree = "<group>"; };
		F0BA9E6B1C4A2F6C0016886F /* Base */ = {isa = PBXFileReference; lastKnownFileType = file.storyboard; name = Base; path = Base.lproj/LaunchScreen.storyboard; sourceTree = "<group>"; };
		F0BA9E721C4A33BC0016886F /* APConstraints.swift */ = {isa = PBXFileReference; fileEncoding = 4; lastKnownFileType = sourcecode.swift; path = APConstraints.swift; sourceTree = "<group>"; };
		F0BA9E741C4A34590016886F /* APSpringButton.swift */ = {isa = PBXFileReference; fileEncoding = 4; lastKnownFileType = sourcecode.swift; path = APSpringButton.swift; sourceTree = "<group>"; };
		F0BA9E761C4A38360016886F /* APCustomBlurView.swift */ = {isa = PBXFileReference; fileEncoding = 4; lastKnownFileType = sourcecode.swift; name = APCustomBlurView.swift; path = ../../APCustomBlurView.swift; sourceTree = "<group>"; };
/* End PBXFileReference section */

/* Begin PBXFrameworksBuildPhase section */
		F0BA9E581C4A2F6C0016886F /* Frameworks */ = {
			isa = PBXFrameworksBuildPhase;
			buildActionMask = 2147483647;
			files = (
			);
			runOnlyForDeploymentPostprocessing = 0;
		};
/* End PBXFrameworksBuildPhase section */

/* Begin PBXGroup section */
		F0BA9E521C4A2F6C0016886F = {
			isa = PBXGroup;
			children = (
				F0BA9E5D1C4A2F6C0016886F /* Blur */,
				F0BA9E5C1C4A2F6C0016886F /* Products */,
			);
			sourceTree = "<group>";
		};
		F0BA9E5C1C4A2F6C0016886F /* Products */ = {
			isa = PBXGroup;
			children = (
				F0BA9E5B1C4A2F6C0016886F /* Blur.app */,
			);
			name = Products;
			sourceTree = "<group>";
		};
		F0BA9E5D1C4A2F6C0016886F /* Blur */ = {
			isa = PBXGroup;
			children = (
				F0BA9E5E1C4A2F6C0016886F /* AppDelegate.swift */,
				F0BA9E601C4A2F6C0016886F /* MainViewController.swift */,
				F0BA9E621C4A2F6C0016886F /* MainView.swift */,
				F0BA9E761C4A38360016886F /* APCustomBlurView.swift */,
				F0BA9E721C4A33BC0016886F /* APConstraints.swift */,
				F0BA9E741C4A34590016886F /* APSpringButton.swift */,
				F0BA9E661C4A2F6C0016886F /* Info.plist */,
				F0BA9E681C4A2F6C0016886F /* Assets.xcassets */,
				F0BA9E6A1C4A2F6C0016886F /* LaunchScreen.storyboard */,
			);
			path = Blur;
			sourceTree = "<group>";
		};
/* End PBXGroup section */

/* Begin PBXNativeTarget section */
		F0BA9E5A1C4A2F6C0016886F /* Blur */ = {
			isa = PBXNativeTarget;
			buildConfigurationList = F0BA9E6F1C4A2F6C0016886F /* Build configuration list for PBXNativeTarget "Blur" */;
			buildPhases = (
				F0BA9E571C4A2F6C0016886F /* Sources */,
				F0BA9E581C4A2F6C0016886F /* Frameworks */,
				F0BA9E591C4A2F6C0016886F /* Resources */,
			);
			buildRules = (
			);
			dependencies = (
			);
			name = Blur;
			productName = Blur;
			productReference = F0BA9E5B1C4A2F6C0016886F /* Blur.app */;
			productType = "com.apple.product-type.application";
		};
/* End PBXNativeTarget section */

/* Begin PBXProject section */
		F0BA9E531C4A2F6C0016886F /* Project object */ = {
			isa = PBXProject;
			attributes = {
				LastSwiftUpdateCheck = 0720;
				LastUpgradeCheck = 0720;
				ORGANIZATIONNAME = Appsidian;
				TargetAttributes = {
					F0BA9E5A1C4A2F6C0016886F = {
						CreatedOnToolsVersion = 7.2;
					};
				};
			};
			buildConfigurationList = F0BA9E561C4A2F6C0016886F /* Build configuration list for PBXProject "Blur" */;
			compatibilityVersion = "Xcode 3.2";
			developmentRegion = English;
			hasScannedForEncodings = 0;
			knownRegions = (
				en,
				Base,
			);
			mainGroup = F0BA9E521C4A2F6C0016886F;
			productRefGroup = F0BA9E5C1C4A2F6C0016886F /* Products */;
			projectDirPath = "";
			projectRoot = "";
			targets = (
				F0BA9E5A1C4A2F6C0016886F /* Blur */,
			);
		};
/* End PBXProject section */

/* Begin PBXResourcesBuildPhase section */
		F0BA9E591C4A2F6C0016886F /* Resources */ = {
			isa = PBXResourcesBuildPhase;
			buildActionMask = 2147483647;
			files = (
				F0BA9E6C1C4A2F6C0016886F /* LaunchScreen.storyboard in Resources */,
				F0BA9E691C4A2F6C0016886F /* Assets.xcassets in Resources */,
				F0BA9E671C4A2F6C0016886F /* Info.plist in Resources */,
			);
			runOnlyForDeploymentPostprocessing = 0;
		};
/* End PBXResourcesBuildPhase section */

/* Begin PBXSourcesBuildPhase section */
		F0BA9E571C4A2F6C0016886F /* Sources */ = {
			isa = PBXSourcesBuildPhase;
			buildActionMask = 2147483647;
			files = (
				F0BA9E751C4A34590016886F /* APSpringButton.swift in Sources */,
				F0BA9E611C4A2F6C0016886F /* MainViewController.swift in Sources */,
				F0BA9E5F1C4A2F6C0016886F /* AppDelegate.swift in Sources */,
				F0BA9E771C4A38360016886F /* APCustomBlurView.swift in Sources */,
				F0BA9E631C4A2F6C0016886F /* MainView.swift in Sources */,
				F0BA9E731C4A33BC0016886F /* APConstraints.swift in Sources */,
			);
			runOnlyForDeploymentPostprocessing = 0;
		};
/* End PBXSourcesBuildPhase section */

/* Begin PBXVariantGroup section */
		F0BA9E6A1C4A2F6C0016886F /* LaunchScreen.storyboard */ = {
			isa = PBXVariantGroup;
			children = (
				F0BA9E6B1C4A2F6C0016886F /* Base */,
			);
			name = LaunchScreen.storyboard;
			sourceTree = "<group>";
		};
/* End PBXVariantGroup section */

/* Begin XCBuildConfiguration section */
		F0BA9E6D1C4A2F6C0016886F /* Debug */ = {
			isa = XCBuildConfiguration;
			buildSettings = {
				ALWAYS_SEARCH_USER_PATHS = NO;
				CLANG_CXX_LANGUAGE_STANDARD = "gnu++0x";
				CLANG_CXX_LIBRARY = "libc++";
				CLANG_ENABLE_MODULES = YES;
				CLANG_ENABLE_OBJC_ARC = YES;
				CLANG_WARN_BOOL_CONVERSION = YES;
				CLANG_WARN_CONSTANT_CONVERSION = YES;
				CLANG_WARN_DIRECT_OBJC_ISA_USAGE = YES_ERROR;
				CLANG_WARN_EMPTY_BODY = YES;
				CLANG_WARN_ENUM_CONVERSION = YES;
				CLANG_WARN_INT_CONVERSION = YES;
				CLANG_WARN_OBJC_ROOT_CLASS = YES_ERROR;
				CLANG_WARN_UNREACHABLE_CODE = YES;
				CLANG_WARN__DUPLICATE_METHOD_MATCH = YES;
				"CODE_SIGN_IDENTITY[sdk=iphoneos*]" = "iPhone Developer";
				COPY_PHASE_STRIP = NO;
				DEBUG_INFORMATION_FORMAT = dwarf;
				ENABLE_STRICT_OBJC_MSGSEND = YES;
				ENABLE_TESTABILITY = YES;
				GCC_C_LANGUAGE_STANDARD = gnu99;
				GCC_DYNAMIC_NO_PIC = NO;
				GCC_NO_COMMON_BLOCKS = YES;
				GCC_OPTIMIZATION_LEVEL = 0;
				GCC_PREPROCESSOR_DEFINITIONS = (
					"DEBUG=1",
					"$(inherited)",
				);
				GCC_WARN_64_TO_32_BIT_CONVERSION = YES;
				GCC_WARN_ABOUT_RETURN_TYPE = YES_ERROR;
				GCC_WARN_UNDECLARED_SELECTOR = YES;
				GCC_WARN_UNINITIALIZED_AUTOS = YES_AGGRESSIVE;
				GCC_WARN_UNUSED_FUNCTION = YES;
				GCC_WARN_UNUSED_VARIABLE = YES;
				IPHONEOS_DEPLOYMENT_TARGET = 9.2;
				MTL_ENABLE_DEBUG_INFO = YES;
				ONLY_ACTIVE_ARCH = YES;
				SDKROOT = iphoneos;
				SWIFT_OPTIMIZATION_LEVEL = "-Onone";
				TARGETED_DEVICE_FAMILY = "1,2";
			};
			name = Debug;
		};
		F0BA9E6E1C4A2F6C0016886F /* Release */ = {
			isa = XCBuildConfiguration;
			buildSettings = {
				ALWAYS_SEARCH_USER_PATHS = NO;
				CLANG_CXX_LANGUAGE_STANDARD = "gnu++0x";
				CLANG_CXX_LIBRARY = "libc++";
				CLANG_ENABLE_MODULES = YES;
				CLANG_ENABLE_OBJC_ARC = YES;
				CLANG_WARN_BOOL_CONVERSION = YES;
				CLANG_WARN_CONSTANT_CONVERSION = YES;
				CLANG_WARN_DIRECT_OBJC_ISA_USAGE = YES_ERROR;
				CLANG_WARN_EMPTY_BODY = YES;
				CLANG_WARN_ENUM_CONVERSION = YES;
				CLANG_WARN_INT_CONVERSION = YES;
				CLANG_WARN_OBJC_ROOT_CLASS = YES_ERROR;
				CLANG_WARN_UNREACHABLE_CODE = YES;
				CLANG_WARN__DUPLICATE_METHOD_MATCH = YES;
				"CODE_SIGN_IDENTITY[sdk=iphoneos*]" = "iPhone Developer";
				COPY_PHASE_STRIP = NO;
				DEBUG_INFORMATION_FORMAT = "dwarf-with-dsym";
				ENABLE_NS_ASSERTIONS = NO;
				ENABLE_STRICT_OBJC_MSGSEND = YES;
				GCC_C_LANGUAGE_STANDARD = gnu99;
				GCC_NO_COMMON_BLOCKS = YES;
				GCC_WARN_64_TO_32_BIT_CONVERSION = YES;
				GCC_WARN_ABOUT_RETURN_TYPE = YES_ERROR;
				GCC_WARN_UNDECLARED_SELECTOR = YES;
				GCC_WARN_UNINITIALIZED_AUTOS = YES_AGGRESSIVE;
				GCC_WARN_UNUSED_FUNCTION = YES;
				GCC_WARN_UNUSED_VARIABLE = YES;
				IPHONEOS_DEPLOYMENT_TARGET = 9.2;
				MTL_ENABLE_DEBUG_INFO = NO;
				SDKROOT = iphoneos;
				TARGETED_DEVICE_FAMILY = "1,2";
				VALIDATE_PRODUCT = YES;
			};
			name = Release;
		};
		F0BA9E701C4A2F6C0016886F /* Debug */ = {
			isa = XCBuildConfiguration;
			buildSettings = {
				ASSETCATALOG_COMPILER_APPICON_NAME = AppIcon;
				INFOPLIST_FILE = Blur/Info.plist;
				LD_RUNPATH_SEARCH_PATHS = "$(inherited) @executable_path/Frameworks";
				PRODUCT_BUNDLE_IDENTIFIER = com.Appsidian.Blur;
				PRODUCT_NAME = "$(TARGET_NAME)";
			};
			name = Debug;
		};
		F0BA9E711C4A2F6C0016886F /* Release */ = {
			isa = XCBuildConfiguration;
			buildSettings = {
				ASSETCATALOG_COMPILER_APPICON_NAME = AppIcon;
				INFOPLIST_FILE = Blur/Info.plist;
				LD_RUNPATH_SEARCH_PATHS = "$(inherited) @executable_path/Frameworks";
				PRODUCT_BUNDLE_IDENTIFIER = com.Appsidian.Blur;
				PRODUCT_NAME = "$(TARGET_NAME)";
			};
			name = Release;
		};
/* End XCBuildConfiguration section */

/* Begin XCConfigurationList section */
		F0BA9E561C4A2F6C0016886F /* Build configuration list for PBXProject "Blur" */ = {
			isa = XCConfigurationList;
			buildConfigurations = (
				F0BA9E6D1C4A2F6C0016886F /* Debug */,
				F0BA9E6E1C4A2F6C0016886F /* Release */,
			);
			defaultConfigurationIsVisible = 0;
			defaultConfigurationName = Release;
		};
		F0BA9E6F1C4A2F6C0016886F /* Build configuration list for PBXNativeTarget "Blur" */ = {
			isa = XCConfigurationList;
			buildConfigurations = (
				F0BA9E701C4A2F6C0016886F /* Debug */,
				F0BA9E711C4A2F6C0016886F /* Release */,
			);
			defaultConfigurationIsVisible = 0;
			defaultConfigurationName = Release;
		};
/* End XCConfigurationList section */
	};
	rootObject = F0BA9E531C4A2F6C0016886F /* Project object */;
}
